// !$*UTF8*$!
{
	archiveVersion = 1;
	classes = {
	};
	objectVersion = 46;
	objects = {

/* Begin PBXBuildFile section */
		5901F58D1EE2102F00606787 /* RegisterViewController.swift in Sources */ = {isa = PBXBuildFile; fileRef = 5901F58C1EE2102F00606787 /* RegisterViewController.swift */; };
		5910AE721EE1F0980038634B /* AppDelegate.swift in Sources */ = {isa = PBXBuildFile; fileRef = 5910AE711EE1F0980038634B /* AppDelegate.swift */; };
		5910AE741EE1F0980038634B /* ViewController.swift in Sources */ = {isa = PBXBuildFile; fileRef = 5910AE731EE1F0980038634B /* ViewController.swift */; };
		5910AE771EE1F0980038634B /* Main.storyboard in Resources */ = {isa = PBXBuildFile; fileRef = 5910AE751EE1F0980038634B /* Main.storyboard */; };
		5910AE791EE1F0980038634B /* Assets.xcassets in Resources */ = {isa = PBXBuildFile; fileRef = 5910AE781EE1F0980038634B /* Assets.xcassets */; };
		5910AE7C1EE1F0980038634B /* LaunchScreen.storyboard in Resources */ = {isa = PBXBuildFile; fileRef = 5910AE7A1EE1F0980038634B /* LaunchScreen.storyboard */; };
		5910AE841EE1F1700038634B /* GoogleService-Info.plist in Resources */ = {isa = PBXBuildFile; fileRef = 5910AE831EE1F1700038634B /* GoogleService-Info.plist */; };
		878BE660BB73BF17BA28ACEB /* Pods_Movie.framework in Frameworks */ = {isa = PBXBuildFile; fileRef = 28DB8697248D218364D3D34F /* Pods_Movie.framework */; };
/* End PBXBuildFile section */

/* Begin PBXFileReference section */
		0FCBCFA614E177FEC0CCAF83 /* Pods-Movie.debug.xcconfig */ = {isa = PBXFileReference; includeInIndex = 1; lastKnownFileType = text.xcconfig; name = "Pods-Movie.debug.xcconfig"; path = "Pods/Target Support Files/Pods-Movie/Pods-Movie.debug.xcconfig"; sourceTree = "<group>"; };
		28DB8697248D218364D3D34F /* Pods_Movie.framework */ = {isa = PBXFileReference; explicitFileType = wrapper.framework; includeInIndex = 0; path = Pods_Movie.framework; sourceTree = BUILT_PRODUCTS_DIR; };
		5901F58C1EE2102F00606787 /* RegisterViewController.swift */ = {isa = PBXFileReference; fileEncoding = 4; lastKnownFileType = sourcecode.swift; path = RegisterViewController.swift; sourceTree = "<group>"; };
		5910AE6E1EE1F0970038634B /* Movie.app */ = {isa = PBXFileReference; explicitFileType = wrapper.application; includeInIndex = 0; path = Movie.app; sourceTree = BUILT_PRODUCTS_DIR; };
		5910AE711EE1F0980038634B /* AppDelegate.swift */ = {isa = PBXFileReference; lastKnownFileType = sourcecode.swift; path = AppDelegate.swift; sourceTree = "<group>"; };
		5910AE731EE1F0980038634B /* ViewController.swift */ = {isa = PBXFileReference; lastKnownFileType = sourcecode.swift; path = ViewController.swift; sourceTree = "<group>"; };
		5910AE761EE1F0980038634B /* Base */ = {isa = PBXFileReference; lastKnownFileType = file.storyboard; name = Base; path = Base.lproj/Main.storyboard; sourceTree = "<group>"; };
		5910AE781EE1F0980038634B /* Assets.xcassets */ = {isa = PBXFileReference; lastKnownFileType = folder.assetcatalog; path = Assets.xcassets; sourceTree = "<group>"; };
		5910AE7B1EE1F0980038634B /* Base */ = {isa = PBXFileReference; lastKnownFileType = file.storyboard; name = Base; path = Base.lproj/LaunchScreen.storyboard; sourceTree = "<group>"; };
		5910AE7D1EE1F0980038634B /* Info.plist */ = {isa = PBXFileReference; lastKnownFileType = text.plist.xml; path = Info.plist; sourceTree = "<group>"; };
		5910AE831EE1F1700038634B /* GoogleService-Info.plist */ = {isa = PBXFileReference; fileEncoding = 4; lastKnownFileType = text.plist.xml; path = "GoogleService-Info.plist"; sourceTree = "<group>"; };
		DA7B71A9F0DC6CEEDF889F08 /* Pods-Movie.release.xcconfig */ = {isa = PBXFileReference; includeInIndex = 1; lastKnownFileType = text.xcconfig; name = "Pods-Movie.release.xcconfig"; path = "Pods/Target Support Files/Pods-Movie/Pods-Movie.release.xcconfig"; sourceTree = "<group>"; };
/* End PBXFileReference section */

/* Begin PBXFrameworksBuildPhase section */
		5910AE6B1EE1F0970038634B /* Frameworks */ = {
			isa = PBXFrameworksBuildPhase;
			buildActionMask = 2147483647;
			files = (
				878BE660BB73BF17BA28ACEB /* Pods_Movie.framework in Frameworks */,
			);
			runOnlyForDeploymentPostprocessing = 0;
		};
/* End PBXFrameworksBuildPhase section */

/* Begin PBXGroup section */
		5910AE651EE1F0970038634B = {
			isa = PBXGroup;
			children = (
				5910AE701EE1F0970038634B /* Movie */,
				5910AE6F1EE1F0970038634B /* Products */,
				95B35C6C0C24881DDFE94563 /* Pods */,
				A2AB2F071E7E0130E627B00F /* Frameworks */,
			);
			sourceTree = "<group>";
		};
		5910AE6F1EE1F0970038634B /* Products */ = {
			isa = PBXGroup;
			children = (
				5910AE6E1EE1F0970038634B /* Movie.app */,
			);
			name = Products;
			sourceTree = "<group>";
		};
		5910AE701EE1F0970038634B /* Movie */ = {
			isa = PBXGroup;
			children = (
				5910AE711EE1F0980038634B /* AppDelegate.swift */,
				5910AE731EE1F0980038634B /* ViewController.swift */,
				5910AE751EE1F0980038634B /* Main.storyboard */,
				5901F58C1EE2102F00606787 /* RegisterViewController.swift */,
				5910AE781EE1F0980038634B /* Assets.xcassets */,
				5910AE7A1EE1F0980038634B /* LaunchScreen.storyboard */,
				5910AE831EE1F1700038634B /* GoogleService-Info.plist */,
				5910AE7D1EE1F0980038634B /* Info.plist */,
			);
			path = Movie;
			sourceTree = "<group>";
		};
		95B35C6C0C24881DDFE94563 /* Pods */ = {
			isa = PBXGroup;
			children = (
				0FCBCFA614E177FEC0CCAF83 /* Pods-Movie.debug.xcconfig */,
				DA7B71A9F0DC6CEEDF889F08 /* Pods-Movie.release.xcconfig */,
			);
			name = Pods;
			sourceTree = "<group>";
		};
		A2AB2F071E7E0130E627B00F /* Frameworks */ = {
			isa = PBXGroup;
			children = (
				28DB8697248D218364D3D34F /* Pods_Movie.framework */,
			);
			name = Frameworks;
			sourceTree = "<group>";
		};
/* End PBXGroup section */

/* Begin PBXNativeTarget section */
		5910AE6D1EE1F0970038634B /* Movie */ = {
			isa = PBXNativeTarget;
			buildConfigurationList = 5910AE801EE1F0980038634B /* Build configuration list for PBXNativeTarget "Movie" */;
			buildPhases = (
				837722F64B45B19631B7A0CD /* [CP] Check Pods Manifest.lock */,
				5910AE6A1EE1F0970038634B /* Sources */,
				5910AE6B1EE1F0970038634B /* Frameworks */,
				5910AE6C1EE1F0970038634B /* Resources */,
				79CFCF7D457C3BF6CD8F9134 /* [CP] Embed Pods Frameworks */,
				217CFF6CE622787C8D278186 /* [CP] Copy Pods Resources */,
			);
			buildRules = (
			);
			dependencies = (
			);
			name = Movie;
			productName = Movie;
			productReference = 5910AE6E1EE1F0970038634B /* Movie.app */;
			productType = "com.apple.product-type.application";
		};
/* End PBXNativeTarget section */

/* Begin PBXProject section */
		5910AE661EE1F0970038634B /* Project object */ = {
			isa = PBXProject;
			attributes = {
				LastSwiftUpdateCheck = 0830;
				LastUpgradeCheck = 0830;
				ORGANIZATIONNAME = "Pham Huu Nhu";
				TargetAttributes = {
					5910AE6D1EE1F0970038634B = {
						CreatedOnToolsVersion = 8.3.2;
						ProvisioningStyle = Automatic;
					};
				};
			};
			buildConfigurationList = 5910AE691EE1F0970038634B /* Build configuration list for PBXProject "Movie" */;
			compatibilityVersion = "Xcode 3.2";
			developmentRegion = English;
			hasScannedForEncodings = 0;
			knownRegions = (
				en,
				Base,
			);
			mainGroup = 5910AE651EE1F0970038634B;
			productRefGroup = 5910AE6F1EE1F0970038634B /* Products */;
			projectDirPath = "";
			projectRoot = "";
			targets = (
				5910AE6D1EE1F0970038634B /* Movie */,
			);
		};
/* End PBXProject section */

/* Begin PBXResourcesBuildPhase section */
		5910AE6C1EE1F0970038634B /* Resources */ = {
			isa = PBXResourcesBuildPhase;
			buildActionMask = 2147483647;
			files = (
				5910AE7C1EE1F0980038634B /* LaunchScreen.storyboard in Resources */,
				5910AE841EE1F1700038634B /* GoogleService-Info.plist in Resources */,
				5910AE791EE1F0980038634B /* Assets.xcassets in Resources */,
				5910AE771EE1F0980038634B /* Main.storyboard in Resources */,
			);
			runOnlyForDeploymentPostprocessing = 0;
		};
/* End PBXResourcesBuildPhase section */

/* Begin PBXShellScriptBuildPhase section */
		217CFF6CE622787C8D278186 /* [CP] Copy Pods Resources */ = {
			isa = PBXShellScriptBuildPhase;
			buildActionMask = 2147483647;
			files = (
			);
			inputPaths = (
			);
			name = "[CP] Copy Pods Resources";
			outputPaths = (
			);
			runOnlyForDeploymentPostprocessing = 0;
			shellPath = /bin/sh;
			shellScript = "\"${SRCROOT}/Pods/Target Support Files/Pods-Movie/Pods-Movie-resources.sh\"\n";
			showEnvVarsInLog = 0;
		};
		79CFCF7D457C3BF6CD8F9134 /* [CP] Embed Pods Frameworks */ = {
			isa = PBXShellScriptBuildPhase;
			buildActionMask = 2147483647;
			files = (
			);
			inputPaths = (
			);
			name = "[CP] Embed Pods Frameworks";
			outputPaths = (
			);
			runOnlyForDeploymentPostprocessing = 0;
			shellPath = /bin/sh;
			shellScript = "\"${SRCROOT}/Pods/Target Support Files/Pods-Movie/Pods-Movie-frameworks.sh\"\n";
			showEnvVarsInLog = 0;
		};
		837722F64B45B19631B7A0CD /* [CP] Check Pods Manifest.lock */ = {
			isa = PBXShellScriptBuildPhase;
			buildActionMask = 2147483647;
			files = (
			);
			inputPaths = (
			);
			name = "[CP] Check Pods Manifest.lock";
			outputPaths = (
			);
			runOnlyForDeploymentPostprocessing = 0;
			shellPath = /bin/sh;
			shellScript = "diff \"${PODS_PODFILE_DIR_PATH}/Podfile.lock\" \"${PODS_ROOT}/Manifest.lock\" > /dev/null\nif [ $? != 0 ] ; then\n    # print error to STDERR\n    echo \"error: The sandbox is not in sync with the Podfile.lock. Run 'pod install' or update your CocoaPods installation.\" >&2\n    exit 1\nfi\n";
			showEnvVarsInLog = 0;
		};
/* End PBXShellScriptBuildPhase section */

/* Begin PBXSourcesBuildPhase section */
		5910AE6A1EE1F0970038634B /* Sources */ = {
			isa = PBXSourcesBuildPhase;
			buildActionMask = 2147483647;
			files = (
				5901F58D1EE2102F00606787 /* RegisterViewController.swift in Sources */,
				5910AE741EE1F0980038634B /* ViewController.swift in Sources */,
				5910AE721EE1F0980038634B /* AppDelegate.swift in Sources */,
			);
			runOnlyForDeploymentPostprocessing = 0;
		};
/* End PBXSourcesBuildPhase section */

/* Begin PBXVariantGroup section */
		5910AE751EE1F0980038634B /* Main.storyboard */ = {
			isa = PBXVariantGroup;
			children = (
				5910AE761EE1F0980038634B /* Base */,
			);
			name = Main.storyboard;
			sourceTree = "<group>";
		};
		5910AE7A1EE1F0980038634B /* LaunchScreen.storyboard */ = {
			isa = PBXVariantGroup;
			children = (
				5910AE7B1EE1F0980038634B /* Base */,
			);
			name = LaunchScreen.storyboard;
			sourceTree = "<group>";
		};
/* End PBXVariantGroup section */

/* Begin XCBuildConfiguration section */
		5910AE7E1EE1F0980038634B /* Debug */ = {
			isa = XCBuildConfiguration;
			buildSettings = {
				ALWAYS_SEARCH_USER_PATHS = NO;
				CLANG_ANALYZER_NONNULL = YES;
				CLANG_ANALYZER_NUMBER_OBJECT_CONVERSION = YES_AGGRESSIVE;
				CLANG_CXX_LANGUAGE_STANDARD = "gnu++0x";
				CLANG_CXX_LIBRARY = "libc++";
				CLANG_ENABLE_MODULES = YES;
				CLANG_ENABLE_OBJC_ARC = YES;
				CLANG_WARN_BOOL_CONVERSION = YES;
				CLANG_WARN_CONSTANT_CONVERSION = YES;
				CLANG_WARN_DIRECT_OBJC_ISA_USAGE = YES_ERROR;
				CLANG_WARN_DOCUMENTATION_COMMENTS = YES;
				CLANG_WARN_EMPTY_BODY = YES;
				CLANG_WARN_ENUM_CONVERSION = YES;
				CLANG_WARN_INFINITE_RECURSION = YES;
				CLANG_WARN_INT_CONVERSION = YES;
				CLANG_WARN_OBJC_ROOT_CLASS = YES_ERROR;
				CLANG_WARN_SUSPICIOUS_MOVE = YES;
				CLANG_WARN_UNREACHABLE_CODE = YES;
				CLANG_WARN__DUPLICATE_METHOD_MATCH = YES;
				"CODE_SIGN_IDENTITY[sdk=iphoneos*]" = "iPhone Developer";
				COPY_PHASE_STRIP = NO;
				DEBUG_INFORMATION_FORMAT = dwarf;
				ENABLE_STRICT_OBJC_MSGSEND = YES;
				ENABLE_TESTABILITY = YES;
				GCC_C_LANGUAGE_STANDARD = gnu99;
				GCC_DYNAMIC_NO_PIC = NO;
				GCC_NO_COMMON_BLOCKS = YES;
				GCC_OPTIMIZATION_LEVEL = 0;
				GCC_PREPROCESSOR_DEFINITIONS = (
					"DEBUG=1",
					"$(inherited)",
				);
				GCC_WARN_64_TO_32_BIT_CONVERSION = YES;
				GCC_WARN_ABOUT_RETURN_TYPE = YES_ERROR;
				GCC_WARN_UNDECLARED_SELECTOR = YES;
				GCC_WARN_UNINITIALIZED_AUTOS = YES_AGGRESSIVE;
				GCC_WARN_UNUSED_FUNCTION = YES;
				GCC_WARN_UNUSED_VARIABLE = YES;
				IPHONEOS_DEPLOYMENT_TARGET = 10.3;
				MTL_ENABLE_DEBUG_INFO = YES;
				ONLY_ACTIVE_ARCH = YES;
				SDKROOT = iphoneos;
				SWIFT_ACTIVE_COMPILATION_CONDITIONS = DEBUG;
				SWIFT_OPTIMIZATION_LEVEL = "-Onone";
				TARGETED_DEVICE_FAMILY = "1,2";
			};
			name = Debug;
		};
		5910AE7F1EE1F0980038634B /* Release */ = {
			isa = XCBuildConfiguration;
			buildSettings = {
				ALWAYS_SEARCH_USER_PATHS = NO;
				CLANG_ANALYZER_NONNULL = YES;
				CLANG_ANALYZER_NUMBER_OBJECT_CONVERSION = YES_AGGRESSIVE;
				CLANG_CXX_LANGUAGE_STANDARD = "gnu++0x";
				CLANG_CXX_LIBRARY = "libc++";
				CLANG_ENABLE_MODULES = YES;
				CLANG_ENABLE_OBJC_ARC = YES;
				CLANG_WARN_BOOL_CONVERSION = YES;
				CLANG_WARN_CONSTANT_CONVERSION = YES;
				CLANG_WARN_DIRECT_OBJC_ISA_USAGE = YES_ERROR;
				CLANG_WARN_DOCUMENTATION_COMMENTS = YES;
				CLANG_WARN_EMPTY_BODY = YES;
				CLANG_WARN_ENUM_CONVERSION = YES;
				CLANG_WARN_INFINITE_RECURSION = YES;
				CLANG_WARN_INT_CONVERSION = YES;
				CLANG_WARN_OBJC_ROOT_CLASS = YES_ERROR;
				CLANG_WARN_SUSPICIOUS_MOVE = YES;
				CLANG_WARN_UNREACHABLE_CODE = YES;
				CLANG_WARN__DUPLICATE_METHOD_MATCH = YES;
				"CODE_SIGN_IDENTITY[sdk=iphoneos*]" = "iPhone Developer";
				COPY_PHASE_STRIP = NO;
				DEBUG_INFORMATION_FORMAT = "dwarf-with-dsym";
				ENABLE_NS_ASSERTIONS = NO;
				ENABLE_STRICT_OBJC_MSGSEND = YES;
				GCC_C_LANGUAGE_STANDARD = gnu99;
				GCC_NO_COMMON_BLOCKS = YES;
				GCC_WARN_64_TO_32_BIT_CONVERSION = YES;
				GCC_WARN_ABOUT_RETURN_TYPE = YES_ERROR;
				GCC_WARN_UNDECLARED_SELECTOR = YES;
				GCC_WARN_UNINITIALIZED_AUTOS = YES_AGGRESSIVE;
				GCC_WARN_UNUSED_FUNCTION = YES;
				GCC_WARN_UNUSED_VARIABLE = YES;
				IPHONEOS_DEPLOYMENT_TARGET = 10.3;
				MTL_ENABLE_DEBUG_INFO = NO;
				SDKROOT = iphoneos;
				SWIFT_OPTIMIZATION_LEVEL = "-Owholemodule";
				TARGETED_DEVICE_FAMILY = "1,2";
				VALIDATE_PRODUCT = YES;
			};
			name = Release;
		};
		5910AE811EE1F0980038634B /* Debug */ = {
			isa = XCBuildConfiguration;
			baseConfigurationReference = 0FCBCFA614E177FEC0CCAF83 /* Pods-Movie.debug.xcconfig */;
			buildSettings = {
				ASSETCATALOG_COMPILER_APPICON_NAME = AppIcon;
				INFOPLIST_FILE = Movie/Info.plist;
				LD_RUNPATH_SEARCH_PATHS = "$(inherited) @executable_path/Frameworks";
				PRODUCT_BUNDLE_IDENTIFIER = "NhuPham-13110121.Movie";
				PRODUCT_NAME = "$(TARGET_NAME)";
				SWIFT_VERSION = 3.0;
			};
			name = Debug;
		};
		5910AE821EE1F0980038634B /* Release */ = {
			isa = XCBuildConfiguration;
			baseConfigurationReference = DA7B71A9F0DC6CEEDF889F08 /* Pods-Movie.release.xcconfig */;
			buildSettings = {
				ASSETCATALOG_COMPILER_APPICON_NAME = AppIcon;
				INFOPLIST_FILE = Movie/Info.plist;
				LD_RUNPATH_SEARCH_PATHS = "$(inherited) @executable_path/Frameworks";
				PRODUCT_BUNDLE_IDENTIFIER = "NhuPham-13110121.Movie";
				PRODUCT_NAME = "$(TARGET_NAME)";
				SWIFT_VERSION = 3.0;
			};
			name = Release;
		};
/* End XCBuildConfiguration section */

/* Begin XCConfigurationList section */
		5910AE691EE1F0970038634B /* Build configuration list for PBXProject "Movie" */ = {
			isa = XCConfigurationList;
			buildConfigurations = (
				5910AE7E1EE1F0980038634B /* Debug */,
				5910AE7F1EE1F0980038634B /* Release */,
			);
			defaultConfigurationIsVisible = 0;
			defaultConfigurationName = Release;
		};
		5910AE801EE1F0980038634B /* Build configuration list for PBXNativeTarget "Movie" */ = {
			isa = XCConfigurationList;
			buildConfigurations = (
				5910AE811EE1F0980038634B /* Debug */,
				5910AE821EE1F0980038634B /* Release */,
			);
			defaultConfigurationIsVisible = 0;
			defaultConfigurationName = Release;
		};
/* End XCConfigurationList section */
	};
	rootObject = 5910AE661EE1F0970038634B /* Project object */;
}
